// !$*UTF8*$!
{
	archiveVersion = 1;
	classes = {
	};
	objectVersion = 55;
	objects = {

/* Begin PBXBuildFile section */
		26C216CB2A4637990000D39F /* PokemonDescription.swift in Sources */ = {isa = PBXBuildFile; fileRef = 26C216CA2A4637990000D39F /* PokemonDescription.swift */; };
		DA7277FC296F5C4800590CFE /* ViewModelPokemon.swift in Sources */ = {isa = PBXBuildFile; fileRef = DA7277FB296F5C4800590CFE /* ViewModelPokemon.swift */; };
		DA7277FF296F5E8E00590CFE /* PokemonDetail.swift in Sources */ = {isa = PBXBuildFile; fileRef = DA7277FE296F5E8E00590CFE /* PokemonDetail.swift */; };
		DA727803296F723700590CFE /* AboutPokemon.swift in Sources */ = {isa = PBXBuildFile; fileRef = DA727802296F723700590CFE /* AboutPokemon.swift */; };
		DA727805296F9D9700590CFE /* BackgroundColorCreator.swift in Sources */ = {isa = PBXBuildFile; fileRef = DA727804296F9D9700590CFE /* BackgroundColorCreator.swift */; };
		DAACD39C2908811200582EB5 /* PokedexApp.swift in Sources */ = {isa = PBXBuildFile; fileRef = DAACD39B2908811200582EB5 /* PokedexApp.swift */; };
		DAACD39E2908811300582EB5 /* HomeView.swift in Sources */ = {isa = PBXBuildFile; fileRef = DAACD39D2908811300582EB5 /* HomeView.swift */; };
		DAACD3A02908811500582EB5 /* Assets.xcassets in Resources */ = {isa = PBXBuildFile; fileRef = DAACD39F2908811500582EB5 /* Assets.xcassets */; };
		DAACD3A32908811500582EB5 /* Preview Assets.xcassets in Resources */ = {isa = PBXBuildFile; fileRef = DAACD3A22908811500582EB5 /* Preview Assets.xcassets */; };
		DAACD3AD2908811500582EB5 /* PokedexTests.swift in Sources */ = {isa = PBXBuildFile; fileRef = DAACD3AC2908811500582EB5 /* PokedexTests.swift */; };
		DAACD3B72908811500582EB5 /* PokedexUITests.swift in Sources */ = {isa = PBXBuildFile; fileRef = DAACD3B62908811500582EB5 /* PokedexUITests.swift */; };
		DAACD3B92908811500582EB5 /* PokedexUITestsLaunchTests.swift in Sources */ = {isa = PBXBuildFile; fileRef = DAACD3B82908811500582EB5 /* PokedexUITestsLaunchTests.swift */; };
/* End PBXBuildFile section */

/* Begin PBXContainerItemProxy section */
		DAACD3A92908811500582EB5 /* PBXContainerItemProxy */ = {
			isa = PBXContainerItemProxy;
			containerPortal = DAACD3902908811200582EB5 /* Project object */;
			proxyType = 1;
			remoteGlobalIDString = DAACD3972908811200582EB5;
			remoteInfo = Pokedex;
		};
		DAACD3B32908811500582EB5 /* PBXContainerItemProxy */ = {
			isa = PBXContainerItemProxy;
			containerPortal = DAACD3902908811200582EB5 /* Project object */;
			proxyType = 1;
			remoteGlobalIDString = DAACD3972908811200582EB5;
			remoteInfo = Pokedex;
		};
/* End PBXContainerItemProxy section */

/* Begin PBXFileReference section */
		26C216CA2A4637990000D39F /* PokemonDescription.swift */ = {isa = PBXFileReference; lastKnownFileType = sourcecode.swift; path = PokemonDescription.swift; sourceTree = "<group>"; };
		DA7277FB296F5C4800590CFE /* ViewModelPokemon.swift */ = {isa = PBXFileReference; lastKnownFileType = sourcecode.swift; path = ViewModelPokemon.swift; sourceTree = "<group>"; };
		DA7277FE296F5E8E00590CFE /* PokemonDetail.swift */ = {isa = PBXFileReference; lastKnownFileType = sourcecode.swift; path = PokemonDetail.swift; sourceTree = "<group>"; };
		DA727802296F723700590CFE /* AboutPokemon.swift */ = {isa = PBXFileReference; lastKnownFileType = sourcecode.swift; path = AboutPokemon.swift; sourceTree = "<group>"; };
		DA727804296F9D9700590CFE /* BackgroundColorCreator.swift */ = {isa = PBXFileReference; lastKnownFileType = sourcecode.swift; path = BackgroundColorCreator.swift; sourceTree = "<group>"; };
		DAACD3982908811200582EB5 /* Pokedex.app */ = {isa = PBXFileReference; explicitFileType = wrapper.application; includeInIndex = 0; path = Pokedex.app; sourceTree = BUILT_PRODUCTS_DIR; };
		DAACD39B2908811200582EB5 /* PokedexApp.swift */ = {isa = PBXFileReference; lastKnownFileType = sourcecode.swift; path = PokedexApp.swift; sourceTree = "<group>"; };
		DAACD39D2908811300582EB5 /* HomeView.swift */ = {isa = PBXFileReference; lastKnownFileType = sourcecode.swift; path = HomeView.swift; sourceTree = "<group>"; };
		DAACD39F2908811500582EB5 /* Assets.xcassets */ = {isa = PBXFileReference; lastKnownFileType = folder.assetcatalog; path = Assets.xcassets; sourceTree = "<group>"; };
		DAACD3A22908811500582EB5 /* Preview Assets.xcassets */ = {isa = PBXFileReference; lastKnownFileType = folder.assetcatalog; path = "Preview Assets.xcassets"; sourceTree = "<group>"; };
		DAACD3A82908811500582EB5 /* PokedexTests.xctest */ = {isa = PBXFileReference; explicitFileType = wrapper.cfbundle; includeInIndex = 0; path = PokedexTests.xctest; sourceTree = BUILT_PRODUCTS_DIR; };
		DAACD3AC2908811500582EB5 /* PokedexTests.swift */ = {isa = PBXFileReference; lastKnownFileType = sourcecode.swift; path = PokedexTests.swift; sourceTree = "<group>"; };
		DAACD3B22908811500582EB5 /* PokedexUITests.xctest */ = {isa = PBXFileReference; explicitFileType = wrapper.cfbundle; includeInIndex = 0; path = PokedexUITests.xctest; sourceTree = BUILT_PRODUCTS_DIR; };
		DAACD3B62908811500582EB5 /* PokedexUITests.swift */ = {isa = PBXFileReference; lastKnownFileType = sourcecode.swift; path = PokedexUITests.swift; sourceTree = "<group>"; };
		DAACD3B82908811500582EB5 /* PokedexUITestsLaunchTests.swift */ = {isa = PBXFileReference; lastKnownFileType = sourcecode.swift; path = PokedexUITestsLaunchTests.swift; sourceTree = "<group>"; };
/* End PBXFileReference section */

/* Begin PBXFrameworksBuildPhase section */
		DAACD3952908811200582EB5 /* Frameworks */ = {
			isa = PBXFrameworksBuildPhase;
			buildActionMask = 2147483647;
			files = (
			);
			runOnlyForDeploymentPostprocessing = 0;
		};
		DAACD3A52908811500582EB5 /* Frameworks */ = {
			isa = PBXFrameworksBuildPhase;
			buildActionMask = 2147483647;
			files = (
			);
			runOnlyForDeploymentPostprocessing = 0;
		};
		DAACD3AF2908811500582EB5 /* Frameworks */ = {
			isa = PBXFrameworksBuildPhase;
			buildActionMask = 2147483647;
			files = (
			);
			runOnlyForDeploymentPostprocessing = 0;
		};
/* End PBXFrameworksBuildPhase section */

/* Begin PBXGroup section */
		DA7277FA296F5B2A00590CFE /* ViewModel */ = {
			isa = PBXGroup;
			children = (
				DA7277FB296F5C4800590CFE /* ViewModelPokemon.swift */,
			);
			path = ViewModel;
			sourceTree = "<group>";
		};
		DA7277FD296F5E7B00590CFE /* Model */ = {
			isa = PBXGroup;
			children = (
				DA7277FE296F5E8E00590CFE /* PokemonDetail.swift */,
			);
			path = Model;
			sourceTree = "<group>";
		};
		DA727806296F9F3200590CFE /* Views */ = {
			isa = PBXGroup;
			children = (
				DAACD39D2908811300582EB5 /* HomeView.swift */,
				DA727802296F723700590CFE /* AboutPokemon.swift */,
				26C216CA2A4637990000D39F /* PokemonDescription.swift */,
			);
			path = Views;
			sourceTree = "<group>";
		};
		DAACD38F2908811200582EB5 = {
			isa = PBXGroup;
			children = (
				DAACD39A2908811200582EB5 /* Pokedex */,
				DAACD3AB2908811500582EB5 /* PokedexTests */,
				DAACD3B52908811500582EB5 /* PokedexUITests */,
				DAACD3992908811200582EB5 /* Products */,
			);
			sourceTree = "<group>";
		};
		DAACD3992908811200582EB5 /* Products */ = {
			isa = PBXGroup;
			children = (
				DAACD3982908811200582EB5 /* Pokedex.app */,
				DAACD3A82908811500582EB5 /* PokedexTests.xctest */,
				DAACD3B22908811500582EB5 /* PokedexUITests.xctest */,
			);
			name = Products;
			sourceTree = "<group>";
		};
		DAACD39A2908811200582EB5 /* Pokedex */ = {
			isa = PBXGroup;
			children = (
				DA727806296F9F3200590CFE /* Views */,
				DA7277FD296F5E7B00590CFE /* Model */,
				DA7277FA296F5B2A00590CFE /* ViewModel */,
				DAACD39B2908811200582EB5 /* PokedexApp.swift */,
				DA727804296F9D9700590CFE /* BackgroundColorCreator.swift */,
				DAACD39F2908811500582EB5 /* Assets.xcassets */,
				DAACD3A12908811500582EB5 /* Preview Content */,
			);
			path = Pokedex;
			sourceTree = "<group>";
		};
		DAACD3A12908811500582EB5 /* Preview Content */ = {
			isa = PBXGroup;
			children = (
				DAACD3A22908811500582EB5 /* Preview Assets.xcassets */,
			);
			path = "Preview Content";
			sourceTree = "<group>";
		};
		DAACD3AB2908811500582EB5 /* PokedexTests */ = {
			isa = PBXGroup;
			children = (
				DAACD3AC2908811500582EB5 /* PokedexTests.swift */,
			);
			path = PokedexTests;
			sourceTree = "<group>";
		};
		DAACD3B52908811500582EB5 /* PokedexUITests */ = {
			isa = PBXGroup;
			children = (
				DAACD3B62908811500582EB5 /* PokedexUITests.swift */,
				DAACD3B82908811500582EB5 /* PokedexUITestsLaunchTests.swift */,
			);
			path = PokedexUITests;
			sourceTree = "<group>";
		};
/* End PBXGroup section */

/* Begin PBXNativeTarget section */
		DAACD3972908811200582EB5 /* Pokedex */ = {
			isa = PBXNativeTarget;
			buildConfigurationList = DAACD3BC2908811500582EB5 /* Build configuration list for PBXNativeTarget "Pokedex" */;
			buildPhases = (
				DAACD3942908811200582EB5 /* Sources */,
				DAACD3952908811200582EB5 /* Frameworks */,
				DAACD3962908811200582EB5 /* Resources */,
			);
			buildRules = (
			);
			dependencies = (
			);
			name = Pokedex;
			productName = Pokedex;
			productReference = DAACD3982908811200582EB5 /* Pokedex.app */;
			productType = "com.apple.product-type.application";
		};
		DAACD3A72908811500582EB5 /* PokedexTests */ = {
			isa = PBXNativeTarget;
			buildConfigurationList = DAACD3BF2908811500582EB5 /* Build configuration list for PBXNativeTarget "PokedexTests" */;
			buildPhases = (
				DAACD3A42908811500582EB5 /* Sources */,
				DAACD3A52908811500582EB5 /* Frameworks */,
				DAACD3A62908811500582EB5 /* Resources */,
			);
			buildRules = (
			);
			dependencies = (
				DAACD3AA2908811500582EB5 /* PBXTargetDependency */,
			);
			name = PokedexTests;
			productName = PokedexTests;
			productReference = DAACD3A82908811500582EB5 /* PokedexTests.xctest */;
			productType = "com.apple.product-type.bundle.unit-test";
		};
		DAACD3B12908811500582EB5 /* PokedexUITests */ = {
			isa = PBXNativeTarget;
			buildConfigurationList = DAACD3C22908811500582EB5 /* Build configuration list for PBXNativeTarget "PokedexUITests" */;
			buildPhases = (
				DAACD3AE2908811500582EB5 /* Sources */,
				DAACD3AF2908811500582EB5 /* Frameworks */,
				DAACD3B02908811500582EB5 /* Resources */,
			);
			buildRules = (
			);
			dependencies = (
				DAACD3B42908811500582EB5 /* PBXTargetDependency */,
			);
			name = PokedexUITests;
			productName = PokedexUITests;
			productReference = DAACD3B22908811500582EB5 /* PokedexUITests.xctest */;
			productType = "com.apple.product-type.bundle.ui-testing";
		};
/* End PBXNativeTarget section */

/* Begin PBXProject section */
		DAACD3902908811200582EB5 /* Project object */ = {
			isa = PBXProject;
			attributes = {
				BuildIndependentTargetsInParallel = 1;
				LastSwiftUpdateCheck = 1340;
				LastUpgradeCheck = 1340;
				TargetAttributes = {
					DAACD3972908811200582EB5 = {
						CreatedOnToolsVersion = 13.4.1;
					};
					DAACD3A72908811500582EB5 = {
						CreatedOnToolsVersion = 13.4.1;
						TestTargetID = DAACD3972908811200582EB5;
					};
					DAACD3B12908811500582EB5 = {
						CreatedOnToolsVersion = 13.4.1;
						TestTargetID = DAACD3972908811200582EB5;
					};
				};
			};
			buildConfigurationList = DAACD3932908811200582EB5 /* Build configuration list for PBXProject "Pokedex" */;
			compatibilityVersion = "Xcode 13.0";
			developmentRegion = en;
			hasScannedForEncodings = 0;
			knownRegions = (
				en,
				Base,
			);
			mainGroup = DAACD38F2908811200582EB5;
			productRefGroup = DAACD3992908811200582EB5 /* Products */;
			projectDirPath = "";
			projectRoot = "";
			targets = (
				DAACD3972908811200582EB5 /* Pokedex */,
				DAACD3A72908811500582EB5 /* PokedexTests */,
				DAACD3B12908811500582EB5 /* PokedexUITests */,
			);
		};
/* End PBXProject section */

/* Begin PBXResourcesBuildPhase section */
		DAACD3962908811200582EB5 /* Resources */ = {
			isa = PBXResourcesBuildPhase;
			buildActionMask = 2147483647;
			files = (
				DAACD3A32908811500582EB5 /* Preview Assets.xcassets in Resources */,
				DAACD3A02908811500582EB5 /* Assets.xcassets in Resources */,
			);
			runOnlyForDeploymentPostprocessing = 0;
		};
		DAACD3A62908811500582EB5 /* Resources */ = {
			isa = PBXResourcesBuildPhase;
			buildActionMask = 2147483647;
			files = (
			);
			runOnlyForDeploymentPostprocessing = 0;
		};
		DAACD3B02908811500582EB5 /* Resources */ = {
			isa = PBXResourcesBuildPhase;
			buildActionMask = 2147483647;
			files = (
			);
			runOnlyForDeploymentPostprocessing = 0;
		};
/* End PBXResourcesBuildPhase section */

/* Begin PBXSourcesBuildPhase section */
		DAACD3942908811200582EB5 /* Sources */ = {
			isa = PBXSourcesBuildPhase;
			buildActionMask = 2147483647;
			files = (
				DA7277FC296F5C4800590CFE /* ViewModelPokemon.swift in Sources */,
				26C216CB2A4637990000D39F /* PokemonDescription.swift in Sources */,
				DAACD39E2908811300582EB5 /* HomeView.swift in Sources */,
				DA727803296F723700590CFE /* AboutPokemon.swift in Sources */,
				DA7277FF296F5E8E00590CFE /* PokemonDetail.swift in Sources */,
				DA727805296F9D9700590CFE /* BackgroundColorCreator.swift in Sources */,
				DAACD39C2908811200582EB5 /* PokedexApp.swift in Sources */,
			);
			runOnlyForDeploymentPostprocessing = 0;
		};
		DAACD3A42908811500582EB5 /* Sources */ = {
			isa = PBXSourcesBuildPhase;
			buildActionMask = 2147483647;
			files = (
				DAACD3AD2908811500582EB5 /* PokedexTests.swift in Sources */,
			);
			runOnlyForDeploymentPostprocessing = 0;
		};
		DAACD3AE2908811500582EB5 /* Sources */ = {
			isa = PBXSourcesBuildPhase;
			buildActionMask = 2147483647;
			files = (
				DAACD3B72908811500582EB5 /* PokedexUITests.swift in Sources */,
				DAACD3B92908811500582EB5 /* PokedexUITestsLaunchTests.swift in Sources */,
			);
			runOnlyForDeploymentPostprocessing = 0;
		};
/* End PBXSourcesBuildPhase section */

/* Begin PBXTargetDependency section */
		DAACD3AA2908811500582EB5 /* PBXTargetDependency */ = {
			isa = PBXTargetDependency;
			target = DAACD3972908811200582EB5 /* Pokedex */;
			targetProxy = DAACD3A92908811500582EB5 /* PBXContainerItemProxy */;
		};
		DAACD3B42908811500582EB5 /* PBXTargetDependency */ = {
			isa = PBXTargetDependency;
			target = DAACD3972908811200582EB5 /* Pokedex */;
			targetProxy = DAACD3B32908811500582EB5 /* PBXContainerItemProxy */;
		};
/* End PBXTargetDependency section */

/* Begin XCBuildConfiguration section */
		DAACD3BA2908811500582EB5 /* Debug */ = {
			isa = XCBuildConfiguration;
			buildSettings = {
				ALWAYS_SEARCH_USER_PATHS = NO;
				CLANG_ANALYZER_NONNULL = YES;
				CLANG_ANALYZER_NUMBER_OBJECT_CONVERSION = YES_AGGRESSIVE;
				CLANG_CXX_LANGUAGE_STANDARD = "gnu++17";
				CLANG_ENABLE_MODULES = YES;
				CLANG_ENABLE_OBJC_ARC = YES;
				CLANG_ENABLE_OBJC_WEAK = YES;
				CLANG_WARN_BLOCK_CAPTURE_AUTORELEASING = YES;
				CLANG_WARN_BOOL_CONVERSION = YES;
				CLANG_WARN_COMMA = YES;
				CLANG_WARN_CONSTANT_CONVERSION = YES;
				CLANG_WARN_DEPRECATED_OBJC_IMPLEMENTATIONS = YES;
				CLANG_WARN_DIRECT_OBJC_ISA_USAGE = YES_ERROR;
				CLANG_WARN_DOCUMENTATION_COMMENTS = YES;
				CLANG_WARN_EMPTY_BODY = YES;
				CLANG_WARN_ENUM_CONVERSION = YES;
				CLANG_WARN_INFINITE_RECURSION = YES;
				CLANG_WARN_INT_CONVERSION = YES;
				CLANG_WARN_NON_LITERAL_NULL_CONVERSION = YES;
				CLANG_WARN_OBJC_IMPLICIT_RETAIN_SELF = YES;
				CLANG_WARN_OBJC_LITERAL_CONVERSION = YES;
				CLANG_WARN_OBJC_ROOT_CLASS = YES_ERROR;
				CLANG_WARN_QUOTED_INCLUDE_IN_FRAMEWORK_HEADER = YES;
				CLANG_WARN_RANGE_LOOP_ANALYSIS = YES;
				CLANG_WARN_STRICT_PROTOTYPES = YES;
				CLANG_WARN_SUSPICIOUS_MOVE = YES;
				CLANG_WARN_UNGUARDED_AVAILABILITY = YES_AGGRESSIVE;
				CLANG_WARN_UNREACHABLE_CODE = YES;
				CLANG_WARN__DUPLICATE_METHOD_MATCH = YES;
				COPY_PHASE_STRIP = NO;
				DEBUG_INFORMATION_FORMAT = dwarf;
				ENABLE_STRICT_OBJC_MSGSEND = YES;
				ENABLE_TESTABILITY = YES;
				GCC_C_LANGUAGE_STANDARD = gnu11;
				GCC_DYNAMIC_NO_PIC = NO;
				GCC_NO_COMMON_BLOCKS = YES;
				GCC_OPTIMIZATION_LEVEL = 0;
				GCC_PREPROCESSOR_DEFINITIONS = (
					"DEBUG=1",
					"$(inherited)",
				);
				GCC_WARN_64_TO_32_BIT_CONVERSION = YES;
				GCC_WARN_ABOUT_RETURN_TYPE = YES_ERROR;
				GCC_WARN_UNDECLARED_SELECTOR = YES;
				GCC_WARN_UNINITIALIZED_AUTOS = YES_AGGRESSIVE;
				GCC_WARN_UNUSED_FUNCTION = YES;
				GCC_WARN_UNUSED_VARIABLE = YES;
				IPHONEOS_DEPLOYMENT_TARGET = 15.5;
				MTL_ENABLE_DEBUG_INFO = INCLUDE_SOURCE;
				MTL_FAST_MATH = YES;
				ONLY_ACTIVE_ARCH = YES;
				SDKROOT = iphoneos;
				SWIFT_ACTIVE_COMPILATION_CONDITIONS = DEBUG;
				SWIFT_OPTIMIZATION_LEVEL = "-Onone";
			};
			name = Debug;
		};
		DAACD3BB2908811500582EB5 /* Release */ = {
			isa = XCBuildConfiguration;
			buildSettings = {
				ALWAYS_SEARCH_USER_PATHS = NO;
				CLANG_ANALYZER_NONNULL = YES;
				CLANG_ANALYZER_NUMBER_OBJECT_CONVERSION = YES_AGGRESSIVE;
				CLANG_CXX_LANGUAGE_STANDARD = "gnu++17";
				CLANG_ENABLE_MODULES = YES;
				CLANG_ENABLE_OBJC_ARC = YES;
				CLANG_ENABLE_OBJC_WEAK = YES;
				CLANG_WARN_BLOCK_CAPTURE_AUTORELEASING = YES;
				CLANG_WARN_BOOL_CONVERSION = YES;
				CLANG_WARN_COMMA = YES;
				CLANG_WARN_CONSTANT_CONVERSION = YES;
				CLANG_WARN_DEPRECATED_OBJC_IMPLEMENTATIONS = YES;
				CLANG_WARN_DIRECT_OBJC_ISA_USAGE = YES_ERROR;
				CLANG_WARN_DOCUMENTATION_COMMENTS = YES;
				CLANG_WARN_EMPTY_BODY = YES;
				CLANG_WARN_ENUM_CONVERSION = YES;
				CLANG_WARN_INFINITE_RECURSION = YES;
				CLANG_WARN_INT_CONVERSION = YES;
				CLANG_WARN_NON_LITERAL_NULL_CONVERSION = YES;
				CLANG_WARN_OBJC_IMPLICIT_RETAIN_SELF = YES;
				CLANG_WARN_OBJC_LITERAL_CONVERSION = YES;
				CLANG_WARN_OBJC_ROOT_CLASS = YES_ERROR;
				CLANG_WARN_QUOTED_INCLUDE_IN_FRAMEWORK_HEADER = YES;
				CLANG_WARN_RANGE_LOOP_ANALYSIS = YES;
				CLANG_WARN_STRICT_PROTOTYPES = YES;
				CLANG_WARN_SUSPICIOUS_MOVE = YES;
				CLANG_WARN_UNGUARDED_AVAILABILITY = YES_AGGRESSIVE;
				CLANG_WARN_UNREACHABLE_CODE = YES;
				CLANG_WARN__DUPLICATE_METHOD_MATCH = YES;
				COPY_PHASE_STRIP = NO;
				DEBUG_INFORMATION_FORMAT = "dwarf-with-dsym";
				ENABLE_NS_ASSERTIONS = NO;
				ENABLE_STRICT_OBJC_MSGSEND = YES;
				GCC_C_LANGUAGE_STANDARD = gnu11;
				GCC_NO_COMMON_BLOCKS = YES;
				GCC_WARN_64_TO_32_BIT_CONVERSION = YES;
				GCC_WARN_ABOUT_RETURN_TYPE = YES_ERROR;
				GCC_WARN_UNDECLARED_SELECTOR = YES;
				GCC_WARN_UNINITIALIZED_AUTOS = YES_AGGRESSIVE;
				GCC_WARN_UNUSED_FUNCTION = YES;
				GCC_WARN_UNUSED_VARIABLE = YES;
				IPHONEOS_DEPLOYMENT_TARGET = 15.5;
				MTL_ENABLE_DEBUG_INFO = NO;
				MTL_FAST_MATH = YES;
				SDKROOT = iphoneos;
				SWIFT_COMPILATION_MODE = wholemodule;
				SWIFT_OPTIMIZATION_LEVEL = "-O";
				VALIDATE_PRODUCT = YES;
			};
			name = Release;
		};
		DAACD3BD2908811500582EB5 /* Debug */ = {
			isa = XCBuildConfiguration;
			buildSettings = {
				ASSETCATALOG_COMPILER_APPICON_NAME = AppIcon;
				ASSETCATALOG_COMPILER_GLOBAL_ACCENT_COLOR_NAME = AccentColor;
				CODE_SIGN_STYLE = Automatic;
				CURRENT_PROJECT_VERSION = 1;
				DEVELOPMENT_ASSET_PATHS = "\"Pokedex/Preview Content\"";
				ENABLE_PREVIEWS = YES;
				GENERATE_INFOPLIST_FILE = YES;
				INFOPLIST_KEY_UIApplicationSceneManifest_Generation = YES;
				INFOPLIST_KEY_UIApplicationSupportsIndirectInputEvents = YES;
				INFOPLIST_KEY_UILaunchScreen_Generation = YES;
				INFOPLIST_KEY_UISupportedInterfaceOrientations_iPad = "UIInterfaceOrientationPortrait UIInterfaceOrientationPortraitUpsideDown UIInterfaceOrientationLandscapeLeft UIInterfaceOrientationLandscapeRight";
				INFOPLIST_KEY_UISupportedInterfaceOrientations_iPhone = "UIInterfaceOrientationPortrait UIInterfaceOrientationLandscapeLeft UIInterfaceOrientationLandscapeRight";
				LD_RUNPATH_SEARCH_PATHS = (
					"$(inherited)",
					"@executable_path/Frameworks",
				);
				MARKETING_VERSION = 1.0;
				PRODUCT_BUNDLE_IDENTIFIER = freitas.Pokedex;
				PRODUCT_NAME = "$(TARGET_NAME)";
				SWIFT_EMIT_LOC_STRINGS = YES;
				SWIFT_VERSION = 5.0;
				TARGETED_DEVICE_FAMILY = "1,2";
			};
			name = Debug;
		};
		DAACD3BE2908811500582EB5 /* Release */ = {
			isa = XCBuildConfiguration;
			buildSettings = {
				ASSETCATALOG_COMPILER_APPICON_NAME = AppIcon;
				ASSETCATALOG_COMPILER_GLOBAL_ACCENT_COLOR_NAME = AccentColor;
				CODE_SIGN_STYLE = Automatic;
				CURRENT_PROJECT_VERSION = 1;
				DEVELOPMENT_ASSET_PATHS = "\"Pokedex/Preview Content\"";
				ENABLE_PREVIEWS = YES;
				GENERATE_INFOPLIST_FILE = YES;
				INFOPLIST_KEY_UIApplicationSceneManifest_Generation = YES;
				INFOPLIST_KEY_UIApplicationSupportsIndirectInputEvents = YES;
				INFOPLIST_KEY_UILaunchScreen_Generation = YES;
				INFOPLIST_KEY_UISupportedInterfaceOrientations_iPad = "UIInterfaceOrientationPortrait UIInterfaceOrientationPortraitUpsideDown UIInterfaceOrientationLandscapeLeft UIInterfaceOrientationLandscapeRight";
				INFOPLIST_KEY_UISupportedInterfaceOrientations_iPhone = "UIInterfaceOrientationPortrait UIInterfaceOrientationLandscapeLeft UIInterfaceOrientationLandscapeRight";
				LD_RUNPATH_SEARCH_PATHS = (
					"$(inherited)",
					"@executable_path/Frameworks",
				);
				MARKETING_VERSION = 1.0;
				PRODUCT_BUNDLE_IDENTIFIER = freitas.Pokedex;
				PRODUCT_NAME = "$(TARGET_NAME)";
				SWIFT_EMIT_LOC_STRINGS = YES;
				SWIFT_VERSION = 5.0;
				TARGETED_DEVICE_FAMILY = "1,2";
			};
			name = Release;
		};
		DAACD3C02908811500582EB5 /* Debug */ = {
			isa = XCBuildConfiguration;
			buildSettings = {
				ALWAYS_EMBED_SWIFT_STANDARD_LIBRARIES = YES;
				BUNDLE_LOADER = "$(TEST_HOST)";
				CODE_SIGN_STYLE = Automatic;
				CURRENT_PROJECT_VERSION = 1;
				GENERATE_INFOPLIST_FILE = YES;
				IPHONEOS_DEPLOYMENT_TARGET = 15.5;
				MARKETING_VERSION = 1.0;
				PRODUCT_BUNDLE_IDENTIFIER = freitas.PokedexTests;
				PRODUCT_NAME = "$(TARGET_NAME)";
				SWIFT_EMIT_LOC_STRINGS = NO;
				SWIFT_VERSION = 5.0;
				TARGETED_DEVICE_FAMILY = "1,2";
				TEST_HOST = "$(BUILT_PRODUCTS_DIR)/Pokedex.app/Pokedex";
			};
			name = Debug;
		};
		DAACD3C12908811500582EB5 /* Release */ = {
			isa = XCBuildConfiguration;
			buildSettings = {
				ALWAYS_EMBED_SWIFT_STANDARD_LIBRARIES = YES;
				BUNDLE_LOADER = "$(TEST_HOST)";
				CODE_SIGN_STYLE = Automatic;
				CURRENT_PROJECT_VERSION = 1;
				GENERATE_INFOPLIST_FILE = YES;
				IPHONEOS_DEPLOYMENT_TARGET = 15.5;
				MARKETING_VERSION = 1.0;
				PRODUCT_BUNDLE_IDENTIFIER = freitas.PokedexTests;
				PRODUCT_NAME = "$(TARGET_NAME)";
				SWIFT_EMIT_LOC_STRINGS = NO;
				SWIFT_VERSION = 5.0;
				TARGETED_DEVICE_FAMILY = "1,2";
				TEST_HOST = "$(BUILT_PRODUCTS_DIR)/Pokedex.app/Pokedex";
			};
			name = Release;
		};
		DAACD3C32908811500582EB5 /* Debug */ = {
			isa = XCBuildConfiguration;
			buildSettings = {
				ALWAYS_EMBED_SWIFT_STANDARD_LIBRARIES = YES;
				CODE_SIGN_STYLE = Automatic;
				CURRENT_PROJECT_VERSION = 1;
				GENERATE_INFOPLIST_FILE = YES;
				MARKETING_VERSION = 1.0;
				PRODUCT_BUNDLE_IDENTIFIER = freitas.PokedexUITests;
				PRODUCT_NAME = "$(TARGET_NAME)";
				SWIFT_EMIT_LOC_STRINGS = NO;
				SWIFT_VERSION = 5.0;
				TARGETED_DEVICE_FAMILY = "1,2";
				TEST_TARGET_NAME = Pokedex;
			};
			name = Debug;
		};
		DAACD3C42908811500582EB5 /* Release */ = {
			isa = XCBuildConfiguration;
			buildSettings = {
				ALWAYS_EMBED_SWIFT_STANDARD_LIBRARIES = YES;
				CODE_SIGN_STYLE = Automatic;
				CURRENT_PROJECT_VERSION = 1;
				GENERATE_INFOPLIST_FILE = YES;
				MARKETING_VERSION = 1.0;
				PRODUCT_BUNDLE_IDENTIFIER = freitas.PokedexUITests;
				PRODUCT_NAME = "$(TARGET_NAME)";
				SWIFT_EMIT_LOC_STRINGS = NO;
				SWIFT_VERSION = 5.0;
				TARGETED_DEVICE_FAMILY = "1,2";
				TEST_TARGET_NAME = Pokedex;
			};
			name = Release;
		};
/* End XCBuildConfiguration section */

/* Begin XCConfigurationList section */
		DAACD3932908811200582EB5 /* Build configuration list for PBXProject "Pokedex" */ = {
			isa = XCConfigurationList;
			buildConfigurations = (
				DAACD3BA2908811500582EB5 /* Debug */,
				DAACD3BB2908811500582EB5 /* Release */,
			);
			defaultConfigurationIsVisible = 0;
			defaultConfigurationName = Release;
		};
		DAACD3BC2908811500582EB5 /* Build configuration list for PBXNativeTarget "Pokedex" */ = {
			isa = XCConfigurationList;
			buildConfigurations = (
				DAACD3BD2908811500582EB5 /* Debug */,
				DAACD3BE2908811500582EB5 /* Release */,
			);
			defaultConfigurationIsVisible = 0;
			defaultConfigurationName = Release;
		};
		DAACD3BF2908811500582EB5 /* Build configuration list for PBXNativeTarget "PokedexTests" */ = {
			isa = XCConfigurationList;
			buildConfigurations = (
				DAACD3C02908811500582EB5 /* Debug */,
				DAACD3C12908811500582EB5 /* Release */,
			);
			defaultConfigurationIsVisible = 0;
			defaultConfigurationName = Release;
		};
		DAACD3C22908811500582EB5 /* Build configuration list for PBXNativeTarget "PokedexUITests" */ = {
			isa = XCConfigurationList;
			buildConfigurations = (
				DAACD3C32908811500582EB5 /* Debug */,
				DAACD3C42908811500582EB5 /* Release */,
			);
			defaultConfigurationIsVisible = 0;
			defaultConfigurationName = Release;
		};
/* End XCConfigurationList section */
	};
	rootObject = DAACD3902908811200582EB5 /* Project object */;
}
